
Microsoft Visual Studio Solution File, Format Version 12.00
# Visual Studio Version 16
VisualStudioVersion = 16.0.29926.136
MinimumVisualStudioVersion = 10.0.40219.1
Project("{FAE04EC0-301F-11D3-BF4B-00C04F79EFBC}") = "PlayerConsole", "PlayerConsole\PlayerConsole.csproj", "{5C6659F0-60C4-4CAB-8DBC-9D84E53847AE}"
EndProject
Project("{FAE04EC0-301F-11D3-BF4B-00C04F79EFBC}") = "CipherModel", "CipherModel\CipherModel.csproj", "{D8E5EE97-7C40-4EAC-8DB3-FDAD46F0E982}"
EndProject
Global
	GlobalSection(SolutionConfigurationPlatforms) = preSolution
		Debug|Any CPU = Debug|Any CPU
		Release|Any CPU = Release|Any CPU
	EndGlobalSection
	GlobalSection(ProjectConfigurationPlatforms) = postSolution
		{5C6659F0-60C4-4CAB-8DBC-9D84E53847AE}.Debug|Any CPU.ActiveCfg = Debug|Any CPU
		{5C6659F0-60C4-4CAB-8DBC-9D84E53847AE}.Debug|Any CPU.Build.0 = Debug|Any CPU
		{5C6659F0-60C4-4CAB-8DBC-9D84E53847AE}.Release|Any CPU.ActiveCfg = Release|Any CPU
		{5C6659F0-60C4-4CAB-8DBC-9D84E53847AE}.Release|Any CPU.Build.0 = Release|Any CPU
		{D8E5EE97-7C40-4EAC-8DB3-FDAD46F0E982}.Debug|Any CPU.ActiveCfg = Debug|Any CPU
		{D8E5EE97-7C40-4EAC-8DB3-FDAD46F0E982}.Debug|Any CPU.Build.0 = Debug|Any CPU
		{D8E5EE97-7C40-4EAC-8DB3-FDAD46F0E982}.Release|Any CPU.ActiveCfg = Release|Any CPU
		{D8E5EE97-7C40-4EAC-8DB3-FDAD46F0E982}.Release|Any CPU.Build.0 = Release|Any CPU
	EndGlobalSection
	GlobalSection(SolutionProperties) = preSolution
		HideSolutionNode = FALSE
	EndGlobalSection
	GlobalSection(ExtensibilityGlobals) = postSolution
		SolutionGuid = {BCC9925F-7726-444E-BCAF-A9006506F0A6}
	EndGlobalSection
EndGlobal
